<?xml version="1.0" encoding="UTF-8"?>
<Scheme
   version = "1.3">
   <BuildAction
      parallelizeBuildables = "YES"
      buildImplicitDependencies = "YES">
      <BuildActionEntries>
         <BuildActionEntry
            buildForTesting = "YES"
            buildForRunning = "YES"
            buildForProfiling = "YES"
            buildForArchiving = "YES"
            buildForAnalyzing = "YES">
            <BuildableReference
               BuildableIdentifier = "primary"
               BlueprintIdentifier = "8DD76F620486A84900D96B5E"
               BuildableName = "booksim"
               BlueprintName = "booksim2.0"
               ReferencedContainer = "container:booksim2.0.xcodeproj">
            </BuildableReference>
         </BuildActionEntry>
      </BuildActionEntries>
   </BuildAction>
   <TestAction
      selectedDebuggerIdentifier = "Xcode.DebuggerFoundation.Debugger.GDB"
      selectedLauncherIdentifier = "Xcode.DebuggerFoundation.Launcher.GDB"
      shouldUseLaunchSchemeArgsEnv = "YES"
      buildConfiguration = "Debug">
      <Testables>
      </Testables>
   </TestAction>
   <LaunchAction
      selectedDebuggerIdentifier = "Xcode.DebuggerFoundation.Debugger.GDB"
      selectedLauncherIdentifier = "Xcode.DebuggerFoundation.Launcher.GDB"
      launchStyle = "0"
      useCustomWorkingDirectory = "NO"
      buildConfiguration = "Debug">
      <BuildableProductRunnable>
         <BuildableReference
            BuildableIdentifier = "primary"
            BlueprintIdentifier = "8DD76F620486A84900D96B5E"
            BuildableName = "booksim"
            BlueprintName = "booksim2.0"
            ReferencedContainer = "container:booksim2.0.xcodeproj">
         </BuildableReference>
      </BuildableProductRunnable>
      <CommandLineArguments>
         <CommandLineArgument
            argument = "../../../runfiles/dub1"
            isEnabled = "NO">
         </CommandLineArgument>
         <CommandLineArgument
            argument = "../../mesh_speculative"
            isEnabled = "NO">
         </CommandLineArgument>
         <CommandLineArgument
            argument = "../../mesh_bypass"
            isEnabled = "NO">
         </CommandLineArgument>
         <CommandLineArgument
            argument = "../../mesh_split"
            isEnabled = "NO">
         </CommandLineArgument>
         <CommandLineArgument
            argument = "../../../runfiles/test"
            isEnabled = "NO">
         </CommandLineArgument>
         <CommandLineArgument
            argument = "../../../runfiles/flatflyconfig"
            isEnabled = "NO">
         </CommandLineArgument>
         <CommandLineArgument
            argument = "../../test"
            isEnabled = "NO">
         </CommandLineArgument>
         <CommandLineArgument
            argument = "$(SRCROOT)/examples/mesh88_lat"
            isEnabled = "YES">
         </CommandLineArgument>
         <CommandLineArgument
            argument = "injection_rate=0.01"
            isEnabled = "NO">
         </CommandLineArgument>
         <CommandLineArgument
            argument = "vc_buf_size=8 shared_buf_size=8"
            isEnabled = "NO">
         </CommandLineArgument>
         <CommandLineArgument
            argument = "../../config"
            isEnabled = "NO">
         </CommandLineArgument>
         <CommandLineArgument
            argument = "../../vc_4"
            isEnabled = "NO">
         </CommandLineArgument>
         <CommandLineArgument
            argument = "speculative=1"
            isEnabled = "NO">
         </CommandLineArgument>
         <CommandLineArgument
            argument = "watch_out=- watch_flits=\{240\}"
            isEnabled = "YES">
         </CommandLineArgument>
         <CommandLineArgument
            argument = "hold_switch_for_packet=1"
            isEnabled = "YES">
         </CommandLineArgument>
      </CommandLineArguments>
      <AdditionalOptions>
      </AdditionalOptions>
   </LaunchAction>
   <ProfileAction
      shouldUseLaunchSchemeArgsEnv = "YES"
      savedToolIdentifier = ""
      useCustomWorkingDirectory = "NO"
      buildConfiguration = "Release">
      <BuildableProductRunnable>
         <BuildableReference
            BuildableIdentifier = "primary"
            BlueprintIdentifier = "8DD76F620486A84900D96B5E"
            BuildableName = "booksim"
            BlueprintName = "booksim2.0"
            ReferencedContainer = "container:booksim2.0.xcodeproj">
         </BuildableReference>
      </BuildableProductRunnable>
   </ProfileAction>
   <AnalyzeAction
      buildConfiguration = "Debug">
   </AnalyzeAction>
   <ArchiveAction
      buildConfiguration = "Release"
      revealArchiveInOrganizer = "YES">
   </ArchiveAction>
</Scheme>
